
Microsoft Visual Studio Solution File, Format Version 12.00
# Visual Studio Version 16
VisualStudioVersion = 16.0.29201.188
MinimumVisualStudioVersion = 10.0.40219.1
Project("{FAE04EC0-301F-11D3-BF4B-00C04F79EFBC}") = "ElasticSearch", "ElasticSearch\ElasticSearch.csproj", "{4A3CC05C-17B9-4518-BB74-A635B1CCB9D2}"
EndProject
Project("{9A19103F-16F7-4668-BE54-9A1E7A4F7556}") = "Infrastructure", "Infrastructure\Infrastructure.csproj", "{3C5D791F-E4AB-4F52-BB8B-EAD47CC9B5EF}"
EndProject
Project("{9A19103F-16F7-4668-BE54-9A1E7A4F7556}") = "Example", "Example\Example.csproj", "{5FF42ACB-2118-49ED-A1DE-FD8F450AD262}"
EndProject
Global
	GlobalSection(SolutionConfigurationPlatforms) = preSolution
		Debug|Any CPU = Debug|Any CPU
		Release|Any CPU = Release|Any CPU
	EndGlobalSection
	GlobalSection(ProjectConfigurationPlatforms) = postSolution
		{4A3CC05C-17B9-4518-BB74-A635B1CCB9D2}.Debug|Any CPU.ActiveCfg = Debug|Any CPU
		{4A3CC05C-17B9-4518-BB74-A635B1CCB9D2}.Debug|Any CPU.Build.0 = Debug|Any CPU
		{4A3CC05C-17B9-4518-BB74-A635B1CCB9D2}.Release|Any CPU.ActiveCfg = Release|Any CPU
		{4A3CC05C-17B9-4518-BB74-A635B1CCB9D2}.Release|Any CPU.Build.0 = Release|Any CPU
		{3C5D791F-E4AB-4F52-BB8B-EAD47CC9B5EF}.Debug|Any CPU.ActiveCfg = Debug|Any CPU
		{3C5D791F-E4AB-4F52-BB8B-EAD47CC9B5EF}.Debug|Any CPU.Build.0 = Debug|Any CPU
		{3C5D791F-E4AB-4F52-BB8B-EAD47CC9B5EF}.Release|Any CPU.ActiveCfg = Release|Any CPU
		{3C5D791F-E4AB-4F52-BB8B-EAD47CC9B5EF}.Release|Any CPU.Build.0 = Release|Any CPU
		{5FF42ACB-2118-49ED-A1DE-FD8F450AD262}.Debug|Any CPU.ActiveCfg = Debug|Any CPU
		{5FF42ACB-2118-49ED-A1DE-FD8F450AD262}.Debug|Any CPU.Build.0 = Debug|Any CPU
		{5FF42ACB-2118-49ED-A1DE-FD8F450AD262}.Release|Any CPU.ActiveCfg = Release|Any CPU
		{5FF42ACB-2118-49ED-A1DE-FD8F450AD262}.Release|Any CPU.Build.0 = Release|Any CPU
	EndGlobalSection
	GlobalSection(SolutionProperties) = preSolution
		HideSolutionNode = FALSE
	EndGlobalSection
	GlobalSection(ExtensibilityGlobals) = postSolution
		SolutionGuid = {BD548A06-217A-4BB3-BAD5-B60F432A151A}
	EndGlobalSection
EndGlobal
